
Microsoft Visual Studio Solution File, Format Version 12.00
# Visual Studio 15
VisualStudioVersion = 15.0.27703.2018
MinimumVisualStudioVersion = 10.0.40219.1
Project("{9A19103F-16F7-4668-BE54-9A1E7A4F7556}") = "DbContexts", "DbContext\DbContexts.csproj", "{72C696E5-FC13-49BB-BE4A-6350D83AE3E0}"
EndProject
Project("{9A19103F-16F7-4668-BE54-9A1E7A4F7556}") = "IHelperServices", "IHelperServices\IHelperServices.csproj", "{FD94CABC-E870-4CE5-849C-C5CED18DCB1A}"
EndProject
Project("{9A19103F-16F7-4668-BE54-9A1E7A4F7556}") = "IRepositories", "IRepositories\IRepositories.csproj", "{3185E826-78E9-4317-BE98-2F93D99362EC}"
EndProject
Project("{9A19103F-16F7-4668-BE54-9A1E7A4F7556}") = "Repositories", "Repositories\Repositories.csproj", "{DFC7A3A5-FE65-48B7-AB49-48B076F20C10}"
EndProject
Project("{9A19103F-16F7-4668-BE54-9A1E7A4F7556}") = "IBusinessServices", "IBusinessServices\IBusinessServices.csproj", "{8EB34ABE-865B-4AA0-910D-C52292C2A41C}"
EndProject
Project("{9A19103F-16F7-4668-BE54-9A1E7A4F7556}") = "BusinessServices", "BusinessServices\BusinessServices.csproj", "{DB6D1ABD-0753-44CF-846F-B879C24875DF}"
EndProject
Project("{9A19103F-16F7-4668-BE54-9A1E7A4F7556}") = "WebApi", "WebApi\WebApi.csproj", "{44FF79CC-7E0D-4A88-856C-A23F99634AC1}"
EndProject
Project("{9A19103F-16F7-4668-BE54-9A1E7A4F7556}") = "HelperServices", "HelperServices\HelperServices.csproj", "{9DAA89C3-CAF2-4B09-A184-B375DBC22CB1}"
EndProject
Project("{9A19103F-16F7-4668-BE54-9A1E7A4F7556}") = "Web", "Web\Web.csproj", "{94DEE8F1-C032-4FAC-BBE6-A555F41A6612}"
EndProject
Project("{9A19103F-16F7-4668-BE54-9A1E7A4F7556}") = "Models", "Models\Models.csproj", "{73A758D0-A6B4-41BA-A636-646746D2A25F}"
EndProject
Global
	GlobalSection(SolutionConfigurationPlatforms) = preSolution
		Debug|Any CPU = Debug|Any CPU
		Release|Any CPU = Release|Any CPU
	EndGlobalSection
	GlobalSection(ProjectConfigurationPlatforms) = postSolution
		{72C696E5-FC13-49BB-BE4A-6350D83AE3E0}.Debug|Any CPU.ActiveCfg = Debug|Any CPU
		{72C696E5-FC13-49BB-BE4A-6350D83AE3E0}.Debug|Any CPU.Build.0 = Debug|Any CPU
		{72C696E5-FC13-49BB-BE4A-6350D83AE3E0}.Release|Any CPU.ActiveCfg = Release|Any CPU
		{72C696E5-FC13-49BB-BE4A-6350D83AE3E0}.Release|Any CPU.Build.0 = Release|Any CPU
		{FD94CABC-E870-4CE5-849C-C5CED18DCB1A}.Debug|Any CPU.ActiveCfg = Debug|Any CPU
		{FD94CABC-E870-4CE5-849C-C5CED18DCB1A}.Debug|Any CPU.Build.0 = Debug|Any CPU
		{FD94CABC-E870-4CE5-849C-C5CED18DCB1A}.Release|Any CPU.ActiveCfg = Release|Any CPU
		{FD94CABC-E870-4CE5-849C-C5CED18DCB1A}.Release|Any CPU.Build.0 = Release|Any CPU
		{3185E826-78E9-4317-BE98-2F93D99362EC}.Debug|Any CPU.ActiveCfg = Debug|Any CPU
		{3185E826-78E9-4317-BE98-2F93D99362EC}.Debug|Any CPU.Build.0 = Debug|Any CPU
		{3185E826-78E9-4317-BE98-2F93D99362EC}.Release|Any CPU.ActiveCfg = Release|Any CPU
		{3185E826-78E9-4317-BE98-2F93D99362EC}.Release|Any CPU.Build.0 = Release|Any CPU
		{DFC7A3A5-FE65-48B7-AB49-48B076F20C10}.Debug|Any CPU.ActiveCfg = Debug|Any CPU
		{DFC7A3A5-FE65-48B7-AB49-48B076F20C10}.Debug|Any CPU.Build.0 = Debug|Any CPU
		{DFC7A3A5-FE65-48B7-AB49-48B076F20C10}.Release|Any CPU.ActiveCfg = Release|Any CPU
		{DFC7A3A5-FE65-48B7-AB49-48B076F20C10}.Release|Any CPU.Build.0 = Release|Any CPU
		{8EB34ABE-865B-4AA0-910D-C52292C2A41C}.Debug|Any CPU.ActiveCfg = Debug|Any CPU
		{8EB34ABE-865B-4AA0-910D-C52292C2A41C}.Debug|Any CPU.Build.0 = Debug|Any CPU
		{8EB34ABE-865B-4AA0-910D-C52292C2A41C}.Release|Any CPU.ActiveCfg = Release|Any CPU
		{8EB34ABE-865B-4AA0-910D-C52292C2A41C}.Release|Any CPU.Build.0 = Release|Any CPU
		{DB6D1ABD-0753-44CF-846F-B879C24875DF}.Debug|Any CPU.ActiveCfg = Debug|Any CPU
		{DB6D1ABD-0753-44CF-846F-B879C24875DF}.Debug|Any CPU.Build.0 = Debug|Any CPU
		{DB6D1ABD-0753-44CF-846F-B879C24875DF}.Release|Any CPU.ActiveCfg = Release|Any CPU
		{DB6D1ABD-0753-44CF-846F-B879C24875DF}.Release|Any CPU.Build.0 = Release|Any CPU
		{44FF79CC-7E0D-4A88-856C-A23F99634AC1}.Debug|Any CPU.ActiveCfg = Debug|Any CPU
		{44FF79CC-7E0D-4A88-856C-A23F99634AC1}.Debug|Any CPU.Build.0 = Debug|Any CPU
		{44FF79CC-7E0D-4A88-856C-A23F99634AC1}.Release|Any CPU.ActiveCfg = Release|Any CPU
		{44FF79CC-7E0D-4A88-856C-A23F99634AC1}.Release|Any CPU.Build.0 = Release|Any CPU
		{9DAA89C3-CAF2-4B09-A184-B375DBC22CB1}.Debug|Any CPU.ActiveCfg = Debug|Any CPU
		{9DAA89C3-CAF2-4B09-A184-B375DBC22CB1}.Debug|Any CPU.Build.0 = Debug|Any CPU
		{9DAA89C3-CAF2-4B09-A184-B375DBC22CB1}.Release|Any CPU.ActiveCfg = Release|Any CPU
		{9DAA89C3-CAF2-4B09-A184-B375DBC22CB1}.Release|Any CPU.Build.0 = Release|Any CPU
		{94DEE8F1-C032-4FAC-BBE6-A555F41A6612}.Debug|Any CPU.ActiveCfg = Debug|Any CPU
		{94DEE8F1-C032-4FAC-BBE6-A555F41A6612}.Debug|Any CPU.Build.0 = Debug|Any CPU
		{94DEE8F1-C032-4FAC-BBE6-A555F41A6612}.Release|Any CPU.ActiveCfg = Release|Any CPU
		{94DEE8F1-C032-4FAC-BBE6-A555F41A6612}.Release|Any CPU.Build.0 = Release|Any CPU
		{73A758D0-A6B4-41BA-A636-646746D2A25F}.Debug|Any CPU.ActiveCfg = Debug|Any CPU
		{73A758D0-A6B4-41BA-A636-646746D2A25F}.Debug|Any CPU.Build.0 = Debug|Any CPU
		{73A758D0-A6B4-41BA-A636-646746D2A25F}.Release|Any CPU.ActiveCfg = Release|Any CPU
		{73A758D0-A6B4-41BA-A636-646746D2A25F}.Release|Any CPU.Build.0 = Release|Any CPU
	EndGlobalSection
	GlobalSection(SolutionProperties) = preSolution
		HideSolutionNode = FALSE
	EndGlobalSection
	GlobalSection(ExtensibilityGlobals) = postSolution
		SolutionGuid = {F7E5BC0D-9519-4E17-81E2-715E0D7DBA17}
	EndGlobalSection
EndGlobal
